// !$*UTF8*$!
{
	archiveVersion = 1;
	classes = {
	};
	objectVersion = 77;
	objects = {

/* Begin PBXBuildFile section */
		92C138ED2DA991B4007FAC98 /* Osilate Watch Watch App.app in Embed Watch Content */ = {isa = PBXBuildFile; fileRef = 92C138E32DA991B2007FAC98 /* Osilate Watch Watch App.app */; settings = {ATTRIBUTES = (RemoveHeadersOnCopy, ); }; };
/* End PBXBuildFile section */

/* Begin PBXContainerItemProxy section */
		92C138EB2DA991B4007FAC98 /* PBXContainerItemProxy */ = {
			isa = PBXContainerItemProxy;
			containerPortal = 92D7C1982D7B578E00AFA9B2 /* Project object */;
			proxyType = 1;
			remoteGlobalIDString = 92C138E22DA991B2007FAC98;
			remoteInfo = "Osilate Watch Watch App";
		};
		92D7C1B52D7B579000AFA9B2 /* PBXContainerItemProxy */ = {
			isa = PBXContainerItemProxy;
			containerPortal = 92D7C1982D7B578E00AFA9B2 /* Project object */;
			proxyType = 1;
			remoteGlobalIDString = 92D7C19F2D7B578E00AFA9B2;
			remoteInfo = Osilate;
		};
		92D7C1BF2D7B579000AFA9B2 /* PBXContainerItemProxy */ = {
			isa = PBXContainerItemProxy;
			containerPortal = 92D7C1982D7B578E00AFA9B2 /* Project object */;
			proxyType = 1;
			remoteGlobalIDString = 92D7C19F2D7B578E00AFA9B2;
			remoteInfo = Osilate;
		};
/* End PBXContainerItemProxy section */

/* Begin PBXCopyFilesBuildPhase section */
		92C138EE2DA991B4007FAC98 /* Embed Watch Content */ = {
			isa = PBXCopyFilesBuildPhase;
			buildActionMask = 2147483647;
			dstPath = "$(CONTENTS_FOLDER_PATH)/Watch";
			dstSubfolderSpec = 16;
			files = (
				92C138ED2DA991B4007FAC98 /* Osilate Watch Watch App.app in Embed Watch Content */,
			);
			name = "Embed Watch Content";
			runOnlyForDeploymentPostprocessing = 0;
		};
/* End PBXCopyFilesBuildPhase section */

/* Begin PBXFileReference section */
		92C138E32DA991B2007FAC98 /* Osilate Watch Watch App.app */ = {isa = PBXFileReference; explicitFileType = wrapper.application; includeInIndex = 0; path = "Osilate Watch Watch App.app"; sourceTree = BUILT_PRODUCTS_DIR; };
		92D7C1A02D7B578E00AFA9B2 /* Osilate.app */ = {isa = PBXFileReference; explicitFileType = wrapper.application; includeInIndex = 0; path = Osilate.app; sourceTree = BUILT_PRODUCTS_DIR; };
		92D7C1B42D7B579000AFA9B2 /* OsilateTests.xctest */ = {isa = PBXFileReference; explicitFileType = wrapper.cfbundle; includeInIndex = 0; path = OsilateTests.xctest; sourceTree = BUILT_PRODUCTS_DIR; };
		92D7C1BE2D7B579000AFA9B2 /* OsilateUITests.xctest */ = {isa = PBXFileReference; explicitFileType = wrapper.cfbundle; includeInIndex = 0; path = OsilateUITests.xctest; sourceTree = BUILT_PRODUCTS_DIR; };
/* End PBXFileReference section */

/* Begin PBXFileSystemSynchronizedBuildFileExceptionSet section */
		925218A62DADB85900537743 /* Exceptions for "Osilate" folder in "Osilate Watch Watch App" target */ = {
			isa = PBXFileSystemSynchronizedBuildFileExceptionSet;
			membershipExceptions = (
				Helpers/Constants.swift,
				Helpers/Extensions.swift,
				Models/BodyMetricStatus.swift,
				Models/O478Breath.swift,
				Models/OActivity.swift,
				Models/OBoxBreath.swift,
				Models/OBreathType.swift,
				Models/OGender.swift,
				Models/OMeditate.swift,
				Models/ORecoveryTrend.swift,
				Models/ORHRTrend.swift,
				Models/OTimeOfDay.swift,
				Models/OZone.swift,
				Models/VO2.swift,
			);
			target = 92C138E22DA991B2007FAC98 /* Osilate Watch Watch App */;
		};
		92D7C1C62D7B579000AFA9B2 /* Exceptions for "Osilate" folder in "Osilate" target */ = {
			isa = PBXFileSystemSynchronizedBuildFileExceptionSet;
			membershipExceptions = (
				Info.plist,
			);
			target = 92D7C19F2D7B578E00AFA9B2 /* Osilate */;
		};
/* End PBXFileSystemSynchronizedBuildFileExceptionSet section */

/* Begin PBXFileSystemSynchronizedRootGroup section */
		92C138E42DA991B2007FAC98 /* Osilate Watch Watch App */ = {
			isa = PBXFileSystemSynchronizedRootGroup;
			path = "Osilate Watch Watch App";
			sourceTree = "<group>";
		};
		92D7C1A22D7B578E00AFA9B2 /* Osilate */ = {
			isa = PBXFileSystemSynchronizedRootGroup;
			exceptions = (
				92D7C1C62D7B579000AFA9B2 /* Exceptions for "Osilate" folder in "Osilate" target */,
				925218A62DADB85900537743 /* Exceptions for "Osilate" folder in "Osilate Watch Watch App" target */,
			);
			path = Osilate;
			sourceTree = "<group>";
		};
		92D7C1B72D7B579000AFA9B2 /* OsilateTests */ = {
			isa = PBXFileSystemSynchronizedRootGroup;
			path = OsilateTests;
			sourceTree = "<group>";
		};
		92D7C1C12D7B579000AFA9B2 /* OsilateUITests */ = {
			isa = PBXFileSystemSynchronizedRootGroup;
			path = OsilateUITests;
			sourceTree = "<group>";
		};
/* End PBXFileSystemSynchronizedRootGroup section */

/* Begin PBXFrameworksBuildPhase section */
		92C138E02DA991B2007FAC98 /* Frameworks */ = {
			isa = PBXFrameworksBuildPhase;
			buildActionMask = 2147483647;
			files = (
			);
			runOnlyForDeploymentPostprocessing = 0;
		};
		92D7C19D2D7B578E00AFA9B2 /* Frameworks */ = {
			isa = PBXFrameworksBuildPhase;
			buildActionMask = 2147483647;
			files = (
			);
			runOnlyForDeploymentPostprocessing = 0;
		};
		92D7C1B12D7B579000AFA9B2 /* Frameworks */ = {
			isa = PBXFrameworksBuildPhase;
			buildActionMask = 2147483647;
			files = (
			);
			runOnlyForDeploymentPostprocessing = 0;
		};
		92D7C1BB2D7B579000AFA9B2 /* Frameworks */ = {
			isa = PBXFrameworksBuildPhase;
			buildActionMask = 2147483647;
			files = (
			);
			runOnlyForDeploymentPostprocessing = 0;
		};
/* End PBXFrameworksBuildPhase section */

/* Begin PBXGroup section */
		92D7C1972D7B578E00AFA9B2 = {
			isa = PBXGroup;
			children = (
				92D7C1A22D7B578E00AFA9B2 /* Osilate */,
				92D7C1B72D7B579000AFA9B2 /* OsilateTests */,
				92D7C1C12D7B579000AFA9B2 /* OsilateUITests */,
				92C138E42DA991B2007FAC98 /* Osilate Watch Watch App */,
				92D7C1A12D7B578E00AFA9B2 /* Products */,
			);
			sourceTree = "<group>";
		};
		92D7C1A12D7B578E00AFA9B2 /* Products */ = {
			isa = PBXGroup;
			children = (
				92D7C1A02D7B578E00AFA9B2 /* Osilate.app */,
				92D7C1B42D7B579000AFA9B2 /* OsilateTests.xctest */,
				92D7C1BE2D7B579000AFA9B2 /* OsilateUITests.xctest */,
				92C138E32DA991B2007FAC98 /* Osilate Watch Watch App.app */,
			);
			name = Products;
			sourceTree = "<group>";
		};
/* End PBXGroup section */

/* Begin PBXNativeTarget section */
		92C138E22DA991B2007FAC98 /* Osilate Watch Watch App */ = {
			isa = PBXNativeTarget;
			buildConfigurationList = 92C138F12DA991B4007FAC98 /* Build configuration list for PBXNativeTarget "Osilate Watch Watch App" */;
			buildPhases = (
				92C138DF2DA991B2007FAC98 /* Sources */,
				92C138E02DA991B2007FAC98 /* Frameworks */,
				92C138E12DA991B2007FAC98 /* Resources */,
			);
			buildRules = (
			);
			dependencies = (
			);
			fileSystemSynchronizedGroups = (
				92C138E42DA991B2007FAC98 /* Osilate Watch Watch App */,
			);
			name = "Osilate Watch Watch App";
			packageProductDependencies = (
			);
			productName = "Osilate Watch Watch App";
			productReference = 92C138E32DA991B2007FAC98 /* Osilate Watch Watch App.app */;
			productType = "com.apple.product-type.application";
		};
		92D7C19F2D7B578E00AFA9B2 /* Osilate */ = {
			isa = PBXNativeTarget;
			buildConfigurationList = 92D7C1C72D7B579000AFA9B2 /* Build configuration list for PBXNativeTarget "Osilate" */;
			buildPhases = (
				92D7C19C2D7B578E00AFA9B2 /* Sources */,
				92D7C19D2D7B578E00AFA9B2 /* Frameworks */,
				92D7C19E2D7B578E00AFA9B2 /* Resources */,
				92C138EE2DA991B4007FAC98 /* Embed Watch Content */,
			);
			buildRules = (
			);
			dependencies = (
				92C138EC2DA991B4007FAC98 /* PBXTargetDependency */,
			);
			fileSystemSynchronizedGroups = (
				92D7C1A22D7B578E00AFA9B2 /* Osilate */,
			);
			name = Osilate;
			packageProductDependencies = (
			);
			productName = Osilate;
			productReference = 92D7C1A02D7B578E00AFA9B2 /* Osilate.app */;
			productType = "com.apple.product-type.application";
		};
		92D7C1B32D7B579000AFA9B2 /* OsilateTests */ = {
			isa = PBXNativeTarget;
			buildConfigurationList = 92D7C1CC2D7B579000AFA9B2 /* Build configuration list for PBXNativeTarget "OsilateTests" */;
			buildPhases = (
				92D7C1B02D7B579000AFA9B2 /* Sources */,
				92D7C1B12D7B579000AFA9B2 /* Frameworks */,
				92D7C1B22D7B579000AFA9B2 /* Resources */,
			);
			buildRules = (
			);
			dependencies = (
				92D7C1B62D7B579000AFA9B2 /* PBXTargetDependency */,
			);
			fileSystemSynchronizedGroups = (
				92D7C1B72D7B579000AFA9B2 /* OsilateTests */,
			);
			name = OsilateTests;
			packageProductDependencies = (
			);
			productName = OsilateTests;
			productReference = 92D7C1B42D7B579000AFA9B2 /* OsilateTests.xctest */;
			productType = "com.apple.product-type.bundle.unit-test";
		};
		92D7C1BD2D7B579000AFA9B2 /* OsilateUITests */ = {
			isa = PBXNativeTarget;
			buildConfigurationList = 92D7C1CF2D7B579000AFA9B2 /* Build configuration list for PBXNativeTarget "OsilateUITests" */;
			buildPhases = (
				92D7C1BA2D7B579000AFA9B2 /* Sources */,
				92D7C1BB2D7B579000AFA9B2 /* Frameworks */,
				92D7C1BC2D7B579000AFA9B2 /* Resources */,
			);
			buildRules = (
			);
			dependencies = (
				92D7C1C02D7B579000AFA9B2 /* PBXTargetDependency */,
			);
			fileSystemSynchronizedGroups = (
				92D7C1C12D7B579000AFA9B2 /* OsilateUITests */,
			);
			name = OsilateUITests;
			packageProductDependencies = (
			);
			productName = OsilateUITests;
			productReference = 92D7C1BE2D7B579000AFA9B2 /* OsilateUITests.xctest */;
			productType = "com.apple.product-type.bundle.ui-testing";
		};
/* End PBXNativeTarget section */

/* Begin PBXProject section */
		92D7C1982D7B578E00AFA9B2 /* Project object */ = {
			isa = PBXProject;
			attributes = {
				BuildIndependentTargetsInParallel = 1;
				LastSwiftUpdateCheck = 1630;
				LastUpgradeCheck = 1630;
				TargetAttributes = {
					92C138E22DA991B2007FAC98 = {
						CreatedOnToolsVersion = 16.3;
					};
					92D7C19F2D7B578E00AFA9B2 = {
						CreatedOnToolsVersion = 16.2;
					};
					92D7C1B32D7B579000AFA9B2 = {
						CreatedOnToolsVersion = 16.2;
						TestTargetID = 92D7C19F2D7B578E00AFA9B2;
					};
					92D7C1BD2D7B579000AFA9B2 = {
						CreatedOnToolsVersion = 16.2;
						TestTargetID = 92D7C19F2D7B578E00AFA9B2;
					};
				};
			};
			buildConfigurationList = 92D7C19B2D7B578E00AFA9B2 /* Build configuration list for PBXProject "Osilate" */;
			developmentRegion = en;
			hasScannedForEncodings = 0;
			knownRegions = (
				en,
				Base,
			);
			mainGroup = 92D7C1972D7B578E00AFA9B2;
			minimizedProjectReferenceProxies = 1;
			preferredProjectObjectVersion = 77;
			productRefGroup = 92D7C1A12D7B578E00AFA9B2 /* Products */;
			projectDirPath = "";
			projectRoot = "";
			targets = (
				92D7C19F2D7B578E00AFA9B2 /* Osilate */,
				92D7C1B32D7B579000AFA9B2 /* OsilateTests */,
				92D7C1BD2D7B579000AFA9B2 /* OsilateUITests */,
				92C138E22DA991B2007FAC98 /* Osilate Watch Watch App */,
			);
		};
/* End PBXProject section */

/* Begin PBXResourcesBuildPhase section */
		92C138E12DA991B2007FAC98 /* Resources */ = {
			isa = PBXResourcesBuildPhase;
			buildActionMask = 2147483647;
			files = (
			);
			runOnlyForDeploymentPostprocessing = 0;
		};
		92D7C19E2D7B578E00AFA9B2 /* Resources */ = {
			isa = PBXResourcesBuildPhase;
			buildActionMask = 2147483647;
			files = (
			);
			runOnlyForDeploymentPostprocessing = 0;
		};
		92D7C1B22D7B579000AFA9B2 /* Resources */ = {
			isa = PBXResourcesBuildPhase;
			buildActionMask = 2147483647;
			files = (
			);
			runOnlyForDeploymentPostprocessing = 0;
		};
		92D7C1BC2D7B579000AFA9B2 /* Resources */ = {
			isa = PBXResourcesBuildPhase;
			buildActionMask = 2147483647;
			files = (
			);
			runOnlyForDeploymentPostprocessing = 0;
		};
/* End PBXResourcesBuildPhase section */

/* Begin PBXSourcesBuildPhase section */
		92C138DF2DA991B2007FAC98 /* Sources */ = {
			isa = PBXSourcesBuildPhase;
			buildActionMask = 2147483647;
			files = (
			);
			runOnlyForDeploymentPostprocessing = 0;
		};
		92D7C19C2D7B578E00AFA9B2 /* Sources */ = {
			isa = PBXSourcesBuildPhase;
			buildActionMask = 2147483647;
			files = (
			);
			runOnlyForDeploymentPostprocessing = 0;
		};
		92D7C1B02D7B579000AFA9B2 /* Sources */ = {
			isa = PBXSourcesBuildPhase;
			buildActionMask = 2147483647;
			files = (
			);
			runOnlyForDeploymentPostprocessing = 0;
		};
		92D7C1BA2D7B579000AFA9B2 /* Sources */ = {
			isa = PBXSourcesBuildPhase;
			buildActionMask = 2147483647;
			files = (
			);
			runOnlyForDeploymentPostprocessing = 0;
		};
/* End PBXSourcesBuildPhase section */

/* Begin PBXTargetDependency section */
		92C138EC2DA991B4007FAC98 /* PBXTargetDependency */ = {
			isa = PBXTargetDependency;
			target = 92C138E22DA991B2007FAC98 /* Osilate Watch Watch App */;
			targetProxy = 92C138EB2DA991B4007FAC98 /* PBXContainerItemProxy */;
		};
		92D7C1B62D7B579000AFA9B2 /* PBXTargetDependency */ = {
			isa = PBXTargetDependency;
			target = 92D7C19F2D7B578E00AFA9B2 /* Osilate */;
			targetProxy = 92D7C1B52D7B579000AFA9B2 /* PBXContainerItemProxy */;
		};
		92D7C1C02D7B579000AFA9B2 /* PBXTargetDependency */ = {
			isa = PBXTargetDependency;
			target = 92D7C19F2D7B578E00AFA9B2 /* Osilate */;
			targetProxy = 92D7C1BF2D7B579000AFA9B2 /* PBXContainerItemProxy */;
		};
/* End PBXTargetDependency section */

/* Begin XCBuildConfiguration section */
		92C138EF2DA991B4007FAC98 /* Debug */ = {
			isa = XCBuildConfiguration;
			buildSettings = {
				ASSETCATALOG_COMPILER_APPICON_NAME = AppIcon;
				ASSETCATALOG_COMPILER_GLOBAL_ACCENT_COLOR_NAME = AccentColor;
				CODE_SIGN_ENTITLEMENTS = "Osilate Watch Watch App/Osilate Watch Watch App.entitlements";
				CODE_SIGN_STYLE = Automatic;
				CURRENT_PROJECT_VERSION = 19;
				ENABLE_PREVIEWS = YES;
				GENERATE_INFOPLIST_FILE = YES;
				INFOPLIST_FILE = "Osilate-Watch-Watch-App-Info.plist";
				INFOPLIST_KEY_CFBundleDisplayName = "Osilate Watch";
				INFOPLIST_KEY_NSHealthShareUsageDescription = "Osilate shows your saved workout data.";
				INFOPLIST_KEY_NSHealthUpdateUsageDescription = "Osilate saves workouts to Apple Health.";
				INFOPLIST_KEY_NSLocationAlwaysAndWhenInUseUsageDescription = "Osilate needs your location to track your workout route even when in the background.";
				INFOPLIST_KEY_NSLocationWhenInUseUsageDescription = "Osilate needs your location to track your workout route.";
				INFOPLIST_KEY_UISupportedInterfaceOrientations = "UIInterfaceOrientationPortrait UIInterfaceOrientationPortraitUpsideDown";
				INFOPLIST_KEY_WKCompanionAppBundleIdentifier = io.mobn.Osilate;
				LD_RUNPATH_SEARCH_PATHS = (
					"$(inherited)",
					"@executable_path/Frameworks",
				);
				MARKETING_VERSION = 0.1;
				PRODUCT_BUNDLE_IDENTIFIER = io.mobn.Osilate.watchkitapp;
				PRODUCT_NAME = "$(TARGET_NAME)";
				SDKROOT = watchos;
				SKIP_INSTALL = YES;
				SWIFT_EMIT_LOC_STRINGS = YES;
				SWIFT_VERSION = 5.0;
				TARGETED_DEVICE_FAMILY = 4;
				WATCHOS_DEPLOYMENT_TARGET = 11.4;
			};
			name = Debug;
		};
		92C138F02DA991B4007FAC98 /* Release */ = {
			isa = XCBuildConfiguration;
			buildSettings = {
				ASSETCATALOG_COMPILER_APPICON_NAME = AppIcon;
				ASSETCATALOG_COMPILER_GLOBAL_ACCENT_COLOR_NAME = AccentColor;
				CODE_SIGN_ENTITLEMENTS = "Osilate Watch Watch App/Osilate Watch Watch App.entitlements";
				CODE_SIGN_STYLE = Automatic;
				CURRENT_PROJECT_VERSION = 19;
				ENABLE_PREVIEWS = YES;
				GENERATE_INFOPLIST_FILE = YES;
				INFOPLIST_FILE = "Osilate-Watch-Watch-App-Info.plist";
				INFOPLIST_KEY_CFBundleDisplayName = "Osilate Watch";
				INFOPLIST_KEY_NSHealthShareUsageDescription = "Osilate shows your saved workout data.";
				INFOPLIST_KEY_NSHealthUpdateUsageDescription = "Osilate saves workouts to Apple Health.";
				INFOPLIST_KEY_NSLocationAlwaysAndWhenInUseUsageDescription = "Osilate needs your location to track your workout route even when in the background.";
				INFOPLIST_KEY_NSLocationWhenInUseUsageDescription = "Osilate needs your location to track your workout route.";
				INFOPLIST_KEY_UISupportedInterfaceOrientations = "UIInterfaceOrientationPortrait UIInterfaceOrientationPortraitUpsideDown";
				INFOPLIST_KEY_WKCompanionAppBundleIdentifier = io.mobn.Osilate;
				LD_RUNPATH_SEARCH_PATHS = (
					"$(inherited)",
					"@executable_path/Frameworks",
				);
				MARKETING_VERSION = 0.1;
				PRODUCT_BUNDLE_IDENTIFIER = io.mobn.Osilate.watchkitapp;
				PRODUCT_NAME = "$(TARGET_NAME)";
				SDKROOT = watchos;
				SKIP_INSTALL = YES;
				SWIFT_EMIT_LOC_STRINGS = YES;
				SWIFT_VERSION = 5.0;
				TARGETED_DEVICE_FAMILY = 4;
				WATCHOS_DEPLOYMENT_TARGET = 11.4;
			};
			name = Release;
		};
		92D7C1C82D7B579000AFA9B2 /* Debug */ = {
			isa = XCBuildConfiguration;
			buildSettings = {
				ASSETCATALOG_COMPILER_APPICON_NAME = AppIcon;
				ASSETCATALOG_COMPILER_GLOBAL_ACCENT_COLOR_NAME = AccentColor;
				CODE_SIGN_ENTITLEMENTS = Osilate/Osilate.entitlements;
				CODE_SIGN_STYLE = Automatic;
				CURRENT_PROJECT_VERSION = 91;
				DEVELOPMENT_ASSET_PATHS = "\"Osilate/Preview Content\"";
				ENABLE_PREVIEWS = YES;
				GENERATE_INFOPLIST_FILE = YES;
				INFOPLIST_FILE = Osilate/Info.plist;
				INFOPLIST_KEY_LSApplicationCategoryType = "public.app-category.healthcare-fitness";
				INFOPLIST_KEY_NSHealthShareUsageDescription = "Osilate uses data in Apple Health";
				INFOPLIST_KEY_NSHealthUpdateUsageDescription = "Osilate uses data in Apple Health";
				INFOPLIST_KEY_UIApplicationSceneManifest_Generation = YES;
				INFOPLIST_KEY_UIApplicationSupportsIndirectInputEvents = YES;
				INFOPLIST_KEY_UILaunchScreen_Generation = YES;
				INFOPLIST_KEY_UISupportedInterfaceOrientations = UIInterfaceOrientationPortrait;
				LD_RUNPATH_SEARCH_PATHS = (
					"$(inherited)",
					"@executable_path/Frameworks",
				);
				MARKETING_VERSION = 0.4;
				PRODUCT_BUNDLE_IDENTIFIER = io.mobn.Osilate;
				PRODUCT_NAME = "$(TARGET_NAME)";
				SUPPORTED_PLATFORMS = "iphoneos iphonesimulator";
				SUPPORTS_MACCATALYST = NO;
				SUPPORTS_MAC_DESIGNED_FOR_IPHONE_IPAD = NO;
				SUPPORTS_XR_DESIGNED_FOR_IPHONE_IPAD = NO;
				SWIFT_EMIT_LOC_STRINGS = YES;
				SWIFT_VERSION = 5.0;
				TARGETED_DEVICE_FAMILY = 1;
			};
			name = Debug;
		};
		92D7C1C92D7B579000AFA9B2 /* Release */ = {
			isa = XCBuildConfiguration;
			buildSettings = {
				ASSETCATALOG_COMPILER_APPICON_NAME = AppIcon;
				ASSETCATALOG_COMPILER_GLOBAL_ACCENT_COLOR_NAME = AccentColor;
				CODE_SIGN_ENTITLEMENTS = Osilate/Osilate.entitlements;
				CODE_SIGN_STYLE = Automatic;
				CURRENT_PROJECT_VERSION = 91;
				DEVELOPMENT_ASSET_PATHS = "\"Osilate/Preview Content\"";
				ENABLE_PREVIEWS = YES;
				GENERATE_INFOPLIST_FILE = YES;
				INFOPLIST_FILE = Osilate/Info.plist;
				INFOPLIST_KEY_LSApplicationCategoryType = "public.app-category.healthcare-fitness";
				INFOPLIST_KEY_NSHealthShareUsageDescription = "Osilate uses data in Apple Health";
				INFOPLIST_KEY_NSHealthUpdateUsageDescription = "Osilate uses data in Apple Health";
				INFOPLIST_KEY_UIApplicationSceneManifest_Generation = YES;
				INFOPLIST_KEY_UIApplicationSupportsIndirectInputEvents = YES;
				INFOPLIST_KEY_UILaunchScreen_Generation = YES;
				INFOPLIST_KEY_UISupportedInterfaceOrientations = UIInterfaceOrientationPortrait;
				LD_RUNPATH_SEARCH_PATHS = (
					"$(inherited)",
					"@executable_path/Frameworks",
				);
				MARKETING_VERSION = 0.4;
				PRODUCT_BUNDLE_IDENTIFIER = io.mobn.Osilate;
				PRODUCT_NAME = "$(TARGET_NAME)";
				SUPPORTED_PLATFORMS = "iphoneos iphonesimulator";
				SUPPORTS_MACCATALYST = NO;
				SUPPORTS_MAC_DESIGNED_FOR_IPHONE_IPAD = NO;
				SUPPORTS_XR_DESIGNED_FOR_IPHONE_IPAD = NO;
				SWIFT_EMIT_LOC_STRINGS = YES;
				SWIFT_VERSION = 5.0;
				TARGETED_DEVICE_FAMILY = 1;
			};
			name = Release;
		};
		92D7C1CA2D7B579000AFA9B2 /* Debug */ = {
			isa = XCBuildConfiguration;
			buildSettings = {
				ALWAYS_SEARCH_USER_PATHS = NO;
				ASSETCATALOG_COMPILER_GENERATE_SWIFT_ASSET_SYMBOL_EXTENSIONS = YES;
				CLANG_ANALYZER_NONNULL = YES;
				CLANG_ANALYZER_NUMBER_OBJECT_CONVERSION = YES_AGGRESSIVE;
				CLANG_CXX_LANGUAGE_STANDARD = "gnu++20";
				CLANG_ENABLE_MODULES = YES;
				CLANG_ENABLE_OBJC_ARC = YES;
				CLANG_ENABLE_OBJC_WEAK = YES;
				CLANG_WARN_BLOCK_CAPTURE_AUTORELEASING = YES;
				CLANG_WARN_BOOL_CONVERSION = YES;
				CLANG_WARN_COMMA = YES;
				CLANG_WARN_CONSTANT_CONVERSION = YES;
				CLANG_WARN_DEPRECATED_OBJC_IMPLEMENTATIONS = YES;
				CLANG_WARN_DIRECT_OBJC_ISA_USAGE = YES_ERROR;
				CLANG_WARN_DOCUMENTATION_COMMENTS = YES;
				CLANG_WARN_EMPTY_BODY = YES;
				CLANG_WARN_ENUM_CONVERSION = YES;
				CLANG_WARN_INFINITE_RECURSION = YES;
				CLANG_WARN_INT_CONVERSION = YES;
				CLANG_WARN_NON_LITERAL_NULL_CONVERSION = YES;
				CLANG_WARN_OBJC_IMPLICIT_RETAIN_SELF = YES;
				CLANG_WARN_OBJC_LITERAL_CONVERSION = YES;
				CLANG_WARN_OBJC_ROOT_CLASS = YES_ERROR;
				CLANG_WARN_QUOTED_INCLUDE_IN_FRAMEWORK_HEADER = YES;
				CLANG_WARN_RANGE_LOOP_ANALYSIS = YES;
				CLANG_WARN_STRICT_PROTOTYPES = YES;
				CLANG_WARN_SUSPICIOUS_MOVE = YES;
				CLANG_WARN_UNGUARDED_AVAILABILITY = YES_AGGRESSIVE;
				CLANG_WARN_UNREACHABLE_CODE = YES;
				CLANG_WARN__DUPLICATE_METHOD_MATCH = YES;
				COPY_PHASE_STRIP = NO;
				DEBUG_INFORMATION_FORMAT = dwarf;
				DEVELOPMENT_TEAM = 9DTKH8BRLR;
				ENABLE_STRICT_OBJC_MSGSEND = YES;
				ENABLE_TESTABILITY = YES;
				ENABLE_USER_SCRIPT_SANDBOXING = YES;
				GCC_C_LANGUAGE_STANDARD = gnu17;
				GCC_DYNAMIC_NO_PIC = NO;
				GCC_NO_COMMON_BLOCKS = YES;
				GCC_OPTIMIZATION_LEVEL = 0;
				GCC_PREPROCESSOR_DEFINITIONS = (
					"DEBUG=1",
					"$(inherited)",
				);
				GCC_WARN_64_TO_32_BIT_CONVERSION = YES;
				GCC_WARN_ABOUT_RETURN_TYPE = YES_ERROR;
				GCC_WARN_UNDECLARED_SELECTOR = YES;
				GCC_WARN_UNINITIALIZED_AUTOS = YES_AGGRESSIVE;
				GCC_WARN_UNUSED_FUNCTION = YES;
				GCC_WARN_UNUSED_VARIABLE = YES;
				IPHONEOS_DEPLOYMENT_TARGET = 18.2;
				LOCALIZATION_PREFERS_STRING_CATALOGS = YES;
				MTL_ENABLE_DEBUG_INFO = INCLUDE_SOURCE;
				MTL_FAST_MATH = YES;
				ONLY_ACTIVE_ARCH = YES;
				SDKROOT = iphoneos;
				SWIFT_ACTIVE_COMPILATION_CONDITIONS = "DEBUG $(inherited)";
				SWIFT_OPTIMIZATION_LEVEL = "-Onone";
			};
			name = Debug;
		};
		92D7C1CB2D7B579000AFA9B2 /* Release */ = {
			isa = XCBuildConfiguration;
			buildSettings = {
				ALWAYS_SEARCH_USER_PATHS = NO;
				ASSETCATALOG_COMPILER_GENERATE_SWIFT_ASSET_SYMBOL_EXTENSIONS = YES;
				CLANG_ANALYZER_NONNULL = YES;
				CLANG_ANALYZER_NUMBER_OBJECT_CONVERSION = YES_AGGRESSIVE;
				CLANG_CXX_LANGUAGE_STANDARD = "gnu++20";
				CLANG_ENABLE_MODULES = YES;
				CLANG_ENABLE_OBJC_ARC = YES;
				CLANG_ENABLE_OBJC_WEAK = YES;
				CLANG_WARN_BLOCK_CAPTURE_AUTORELEASING = YES;
				CLANG_WARN_BOOL_CONVERSION = YES;
				CLANG_WARN_COMMA = YES;
				CLANG_WARN_CONSTANT_CONVERSION = YES;
				CLANG_WARN_DEPRECATED_OBJC_IMPLEMENTATIONS = YES;
				CLANG_WARN_DIRECT_OBJC_ISA_USAGE = YES_ERROR;
				CLANG_WARN_DOCUMENTATION_COMMENTS = YES;
				CLANG_WARN_EMPTY_BODY = YES;
				CLANG_WARN_ENUM_CONVERSION = YES;
				CLANG_WARN_INFINITE_RECURSION = YES;
				CLANG_WARN_INT_CONVERSION = YES;
				CLANG_WARN_NON_LITERAL_NULL_CONVERSION = YES;
				CLANG_WARN_OBJC_IMPLICIT_RETAIN_SELF = YES;
				CLANG_WARN_OBJC_LITERAL_CONVERSION = YES;
				CLANG_WARN_OBJC_ROOT_CLASS = YES_ERROR;
				CLANG_WARN_QUOTED_INCLUDE_IN_FRAMEWORK_HEADER = YES;
				CLANG_WARN_RANGE_LOOP_ANALYSIS = YES;
				CLANG_WARN_STRICT_PROTOTYPES = YES;
				CLANG_WARN_SUSPICIOUS_MOVE = YES;
				CLANG_WARN_UNGUARDED_AVAILABILITY = YES_AGGRESSIVE;
				CLANG_WARN_UNREACHABLE_CODE = YES;
				CLANG_WARN__DUPLICATE_METHOD_MATCH = YES;
				COPY_PHASE_STRIP = NO;
				DEBUG_INFORMATION_FORMAT = "dwarf-with-dsym";
				DEVELOPMENT_TEAM = 9DTKH8BRLR;
				ENABLE_NS_ASSERTIONS = NO;
				ENABLE_STRICT_OBJC_MSGSEND = YES;
				ENABLE_USER_SCRIPT_SANDBOXING = YES;
				GCC_C_LANGUAGE_STANDARD = gnu17;
				GCC_NO_COMMON_BLOCKS = YES;
				GCC_WARN_64_TO_32_BIT_CONVERSION = YES;
				GCC_WARN_ABOUT_RETURN_TYPE = YES_ERROR;
				GCC_WARN_UNDECLARED_SELECTOR = YES;
				GCC_WARN_UNINITIALIZED_AUTOS = YES_AGGRESSIVE;
				GCC_WARN_UNUSED_FUNCTION = YES;
				GCC_WARN_UNUSED_VARIABLE = YES;
				IPHONEOS_DEPLOYMENT_TARGET = 18.2;
				LOCALIZATION_PREFERS_STRING_CATALOGS = YES;
				MTL_ENABLE_DEBUG_INFO = NO;
				MTL_FAST_MATH = YES;
				SDKROOT = iphoneos;
				SWIFT_COMPILATION_MODE = wholemodule;
				VALIDATE_PRODUCT = YES;
			};
			name = Release;
		};
		92D7C1CD2D7B579000AFA9B2 /* Debug */ = {
			isa = XCBuildConfiguration;
			buildSettings = {
				BUNDLE_LOADER = "$(TEST_HOST)";
				CODE_SIGN_STYLE = Automatic;
				CURRENT_PROJECT_VERSION = 1;
				GENERATE_INFOPLIST_FILE = YES;
				IPHONEOS_DEPLOYMENT_TARGET = 18.2;
				MARKETING_VERSION = 1.0;
				PRODUCT_BUNDLE_IDENTIFIER = io.mobn.OsilateTests;
				PRODUCT_NAME = "$(TARGET_NAME)";
				SWIFT_EMIT_LOC_STRINGS = NO;
				SWIFT_VERSION = 5.0;
				TARGETED_DEVICE_FAMILY = "1,2";
				TEST_HOST = "$(BUILT_PRODUCTS_DIR)/Osilate.app/$(BUNDLE_EXECUTABLE_FOLDER_PATH)/Osilate";
			};
			name = Debug;
		};
		92D7C1CE2D7B579000AFA9B2 /* Release */ = {
			isa = XCBuildConfiguration;
			buildSettings = {
				BUNDLE_LOADER = "$(TEST_HOST)";
				CODE_SIGN_STYLE = Automatic;
				CURRENT_PROJECT_VERSION = 1;
				GENERATE_INFOPLIST_FILE = YES;
				IPHONEOS_DEPLOYMENT_TARGET = 18.2;
				MARKETING_VERSION = 1.0;
				PRODUCT_BUNDLE_IDENTIFIER = io.mobn.OsilateTests;
				PRODUCT_NAME = "$(TARGET_NAME)";
				SWIFT_EMIT_LOC_STRINGS = NO;
				SWIFT_VERSION = 5.0;
				TARGETED_DEVICE_FAMILY = "1,2";
				TEST_HOST = "$(BUILT_PRODUCTS_DIR)/Osilate.app/$(BUNDLE_EXECUTABLE_FOLDER_PATH)/Osilate";
			};
			name = Release;
		};
		92D7C1D02D7B579000AFA9B2 /* Debug */ = {
			isa = XCBuildConfiguration;
			buildSettings = {
				CODE_SIGN_STYLE = Automatic;
				CURRENT_PROJECT_VERSION = 1;
				GENERATE_INFOPLIST_FILE = YES;
				MARKETING_VERSION = 1.0;
				PRODUCT_BUNDLE_IDENTIFIER = io.mobn.OsilateUITests;
				PRODUCT_NAME = "$(TARGET_NAME)";
				SUPPORTED_PLATFORMS = "iphoneos iphonesimulator";
				SUPPORTS_MACCATALYST = NO;
				SUPPORTS_MAC_DESIGNED_FOR_IPHONE_IPAD = NO;
				SUPPORTS_XR_DESIGNED_FOR_IPHONE_IPAD = NO;
				SWIFT_EMIT_LOC_STRINGS = NO;
				SWIFT_VERSION = 5.0;
				TARGETED_DEVICE_FAMILY = 1;
				TEST_TARGET_NAME = Osilate;
			};
			name = Debug;
		};
		92D7C1D12D7B579000AFA9B2 /* Release */ = {
			isa = XCBuildConfiguration;
			buildSettings = {
				CODE_SIGN_STYLE = Automatic;
				CURRENT_PROJECT_VERSION = 1;
				GENERATE_INFOPLIST_FILE = YES;
				MARKETING_VERSION = 1.0;
				PRODUCT_BUNDLE_IDENTIFIER = io.mobn.OsilateUITests;
				PRODUCT_NAME = "$(TARGET_NAME)";
				SUPPORTED_PLATFORMS = "iphoneos iphonesimulator";
				SUPPORTS_MACCATALYST = NO;
				SUPPORTS_MAC_DESIGNED_FOR_IPHONE_IPAD = NO;
				SUPPORTS_XR_DESIGNED_FOR_IPHONE_IPAD = NO;
				SWIFT_EMIT_LOC_STRINGS = NO;
				SWIFT_VERSION = 5.0;
				TARGETED_DEVICE_FAMILY = 1;
				TEST_TARGET_NAME = Osilate;
			};
			name = Release;
		};
/* End XCBuildConfiguration section */

/* Begin XCConfigurationList section */
		92C138F12DA991B4007FAC98 /* Build configuration list for PBXNativeTarget "Osilate Watch Watch App" */ = {
			isa = XCConfigurationList;
			buildConfigurations = (
				92C138EF2DA991B4007FAC98 /* Debug */,
				92C138F02DA991B4007FAC98 /* Release */,
			);
			defaultConfigurationIsVisible = 0;
			defaultConfigurationName = Release;
		};
		92D7C19B2D7B578E00AFA9B2 /* Build configuration list for PBXProject "Osilate" */ = {
			isa = XCConfigurationList;
			buildConfigurations = (
				92D7C1CA2D7B579000AFA9B2 /* Debug */,
				92D7C1CB2D7B579000AFA9B2 /* Release */,
			);
			defaultConfigurationIsVisible = 0;
			defaultConfigurationName = Release;
		};
		92D7C1C72D7B579000AFA9B2 /* Build configuration list for PBXNativeTarget "Osilate" */ = {
			isa = XCConfigurationList;
			buildConfigurations = (
				92D7C1C82D7B579000AFA9B2 /* Debug */,
				92D7C1C92D7B579000AFA9B2 /* Release */,
			);
			defaultConfigurationIsVisible = 0;
			defaultConfigurationName = Release;
		};
		92D7C1CC2D7B579000AFA9B2 /* Build configuration list for PBXNativeTarget "OsilateTests" */ = {
			isa = XCConfigurationList;
			buildConfigurations = (
				92D7C1CD2D7B579000AFA9B2 /* Debug */,
				92D7C1CE2D7B579000AFA9B2 /* Release */,
			);
			defaultConfigurationIsVisible = 0;
			defaultConfigurationName = Release;
		};
		92D7C1CF2D7B579000AFA9B2 /* Build configuration list for PBXNativeTarget "OsilateUITests" */ = {
			isa = XCConfigurationList;
			buildConfigurations = (
				92D7C1D02D7B579000AFA9B2 /* Debug */,
				92D7C1D12D7B579000AFA9B2 /* Release */,
			);
			defaultConfigurationIsVisible = 0;
			defaultConfigurationName = Release;
		};
/* End XCConfigurationList section */
	};
	rootObject = 92D7C1982D7B578E00AFA9B2 /* Project object */;
}
